# This file is @generated by PDM.
# It is not intended for manual editing.

[metadata]
groups = ["default"]
strategy = ["inherit_metadata"]
lock_version = "4.5.1"
content_hash = "sha256:681fb01d6c35abacd419231c1179d880aff4d21c5ca1a50ff8672c87167ce279"

[[metadata.targets]]
requires_python = "==3.12.*"

[[package]]
name = "attrs"
version = "26.1.0"
requires_python = ">=3.9"
summary = "Classes Without Boilerplate"
groups = ["default"]
files = [
    {file = "attrs-26.1.0-py3-none-any.whl", hash = "sha256:c647aa4a12dfbad9333ca4e71fe62ddc36f4e63b2d260a37a8b83d2f043ac309"},
    {file = "attrs-26.1.0.tar.gz", hash = "sha256:d03ceb89cb322a8fd706d4fb91940737b6642aa36998fe130a9bc96c985eff32"},
]

[[package]]
name = "certifi"
version = "2026.7.22"
requires_python = ">=3.7"
summary = "Python package for providing Mozilla's CA Bundle."
groups = ["default"]
files = [
    {file = "certifi-2026.7.22-py3-none-any.whl", hash = "sha256:62f22742b58a1a33014a2b6b706588a8d7e2a88ae7bd1a6ebe8c992928483775"},
    {file = "certifi-2026.7.22.tar.gz", hash = "sha256:741e2c3b351ddf169a738da9f2c048608ff7f2c5cc02f1ebc6b118bb090d5d55"},
]

[[package]]
name = "chardet"
version = "7.6.0"
requires_python = ">=3.10"
summary = "Universal character encoding detector"
groups = ["default"]
files = [
    {file = "chardet-7.6.0-cp312-cp312-macosx_10_13_x86_64.whl", hash = "sha256:19fea52164e6e00f2a21ed418f42e4b0162a09199274c86d07ad3efd661317c4"},
    {file = "chardet-7.6.0-cp312-cp312-macosx_11_0_arm64.whl", hash = "sha256:a12023d48d0e207791c01161d03cb3c0d85c6a15f345eb9d3d56063a63d1e40f"},
    {file = "chardet-7.6.0-cp312-cp312-manylinux2014_aarch64.manylinux_2_17_aarch64.manylinux_2_28_aarch64.whl", hash = "sha256:249993b88ac7a58cad2781acea8f379152a28a719c9b401d614898c63a8c83da"},
    {file = "chardet-7.6.0-cp312-cp312-manylinux2014_x86_64.manylinux_2_17_x86_64.manylinux_2_28_x86_64.whl", hash = "sha256:2cf0adaca8b1c4bacfade9d0a1e4f8f70b1bb122833d6f07ab90e3adc84eb13a"},
    {file = "chardet-7.6.0-cp312-cp312-manylinux_2_31_riscv64.manylinux_2_39_riscv64.whl", hash = "sha256:cf6d08c2373b7772a558d141f9e8cee53fe1d222341bac612e4d558b04995f73"},
    {file = "chardet-7.6.0-cp312-cp312-win_amd64.whl", hash = "sha256:406936df1328a3284fef366eaa2bfd1cccd0ef1b10cb99781dd5b022ea644b84"},
    {file = "chardet-7.6.0-py3-none-any.whl", hash = "sha256:4076d795897ce45239825956a1334e134322ecc4bfe84dbb12acd5390de0fbc1"},
    {file = "chardet-7.6.0.tar.gz", hash = "sha256:93d9df6089ded42ed1fe9f57e272c0b74bd0464d45c0c7d50f09f26f31105c3c"},
]

[[package]]
name = "charset-normalizer"
version = "3.5.1"
requires_python = ">=3.7"
summary = "The Real First Universal Charset Detector. Open, modern and actively maintained alternative to Chardet."
groups = ["default"]
files = [
    {file = "charset_normalizer-3.5.1-cp312-cp312-macosx_10_13_universal2.whl", hash = "sha256:5b6d1386bf0096d26d3a863dc0a487a5b4eb9aa93cf5ba69683d29dde6b9d60f"},
    {file = "charset_normalizer-3.5.1-cp312-cp312-manylinux2014_aarch64.manylinux_2_17_aarch64.manylinux_2_28_aarch64.whl", hash = "sha256:4582c27e8c889d64811987b5967fbd3ae0c823fe1fd933b543d55ac20bb475fa"},
    {file = "charset_normalizer-3.5.1-cp312-cp312-manylinux2014_armv7l.manylinux_2_17_armv7l.manylinux_2_31_armv7l.whl", hash = "sha256:1d1c7a53a6c2103925cdd6d7229f8c567379f211c869793df679f2e9f738c369"},
    {file = "charset_normalizer-3.5.1-cp312-cp312-manylinux2014_ppc64le.manylinux_2_17_ppc64le.manylinux_2_28_ppc64le.whl", hash = "sha256:e6621fb2a4988d6e53eedc455e5903e2679f3967b8acb3d639f1b63c14a2e893"},
    {file = "charset_normalizer-3.5.1-cp312-cp312-manylinux2014_s390x.manylinux_2_17_s390x.manylinux_2_28_s390x.whl", hash = "sha256:7c0c10730342b0c9b35dd1d619beb8214e520bd96a1f870f452680b238aab3e0"},
    {file = "charset_normalizer-3.5.1-cp312-cp312-manylinux2014_x86_64.manylinux_2_17_x86_64.manylinux_2_28_x86_64.whl", hash = "sha256:b9af956078716df40d985fb0dfeb2c2120c5ca92ba4ff4b388acfd01cdc14d08"},
    {file = "charset_normalizer-3.5.1-cp312-cp312-manylinux_2_31_riscv64.manylinux_2_39_riscv64.whl", hash = "sha256:f9f8405c2c758532c74fed975dbee57be1f31a6e865c031870c79a6ed3212ada"},
    {file = "charset_normalizer-3.5.1-cp312-cp312-musllinux_1_2_aarch64.whl", hash = "sha256:96fef3e886d6a9874b14f27fc193fbdc69d5d8035783d86aa4e1cea594e695f9"},
    {file = "charset_normalizer-3.5.1-cp312-cp312-musllinux_1_2_armv7l.whl", hash = "sha256:5d8531a6569d025f68e2321e7638fb7978f23db58e5f69f56913837aae03816e"},
    {file = "charset_normalizer-3.5.1-cp312-cp312-musllinux_1_2_ppc64le.whl", hash = "sha256:aae2ee51122d3ae968a3837d97dc24a0aeebb0dea23694422cd172bd30017cd6"},
    {file = "charset_normalizer-3.5.1-cp312-cp312-musllinux_1_2_riscv64.whl", hash = "sha256:7235dc28fc6dd9d832ac7c7bce95367dedb85929f17368a0c2bee1e080b9acbf"},
    {file = "charset_normalizer-3.5.1-cp312-cp312-musllinux_1_2_s390x.whl", hash = "sha256:4abdc5f9ad448c1ecbfae2974b820535d6bc6e7eef63babbab3d81cf46968c71"},
    {file = "charset_normalizer-3.5.1-cp312-cp312-musllinux_1_2_x86_64.whl", hash = "sha256:ba501e667c17d8411f98e67a022d9604ef179aff0e459b7e292c796837c13573"},
    {file = "charset_normalizer-3.5.1-cp312-cp312-win32.whl", hash = "sha256:cfa1c0cc3a8f9f53f1243a5a99ac36fd003880199383b37672e86ddda9cb07e2"},
    {file = "charset_normalizer-3.5.1-cp312-cp312-win_amd64.whl", hash = "sha256:3617ac3cfd8b9888f145ad89dd6e692285834b0201c6074a5eeaad3fd4d668c2"},
    {file = "charset_normalizer-3.5.1-cp312-cp312-win_arm64.whl", hash = "sha256:88e85ab89cb822c1e635f51d6d32e488f94e002e70e2f492bdb8b945543f345a"},
    {file = "charset_normalizer-3.5.1-cp37-abi3-macosx_10_9_universal2.whl", hash = "sha256:41876ee62a3dddf48ff1121ad8f0798032aa03f2fd35f21f34a4cab14f18d8d2"},
    {file = "charset_normalizer-3.5.1-cp37-abi3-manylinux1_x86_64.manylinux_2_28_x86_64.manylinux_2_5_x86_64.whl", hash = "sha256:a6dac12ff6b846103483683f60c5f8fee205121adc58ffd87e90a90a3af69e99"},
    {file = "charset_normalizer-3.5.1-cp37-abi3-manylinux2014_aarch64.manylinux_2_17_aarch64.manylinux_2_28_aarch64.whl", hash = "sha256:cee5dd7c6fb5dd52a0fe2a740f9bc6e3593f5f8b1788bde49de02086f30182b2"},
    {file = "charset_normalizer-3.5.1-cp37-abi3-manylinux2014_armv7l.manylinux_2_17_armv7l.manylinux_2_31_armv7l.whl", hash = "sha256:343fb4f2821043bd87095f7b08a1a181febc8e36ac64212143bbfd0a0e1bc235"},
    {file = "charset_normalizer-3.5.1-cp37-abi3-manylinux2014_ppc64le.manylinux_2_17_ppc64le.manylinux_2_28_ppc64le.whl", hash = "sha256:ae4a097991662cd4fff0ddc74e0fe7874f82e00042fa0ea00855645ed0c79598"},
    {file = "charset_normalizer-3.5.1-cp37-abi3-manylinux2014_s390x.manylinux_2_17_s390x.manylinux_2_28_s390x.whl", hash = "sha256:4b599739b93b2cbeded49645ae3c8d1405c29ddfbceac1545c87a3f9580a9e96"},
    {file = "charset_normalizer-3.5.1-cp37-abi3-manylinux_2_31_riscv64.manylinux_2_39_riscv64.whl", hash = "sha256:b39b69b347e5e47a3b5b8cfc005c68c1ba347474e3960236c4944a8ecd174962"},
    {file = "charset_normalizer-3.5.1-cp37-abi3-musllinux_1_2_aarch64.whl", hash = "sha256:a2028475ba855475b8b4d3cfeb4994269c967aea8b9892dfba907f4263a863a3"},
    {file = "charset_normalizer-3.5.1-cp37-abi3-musllinux_1_2_armv7l.whl", hash = "sha256:36047af20e17097c3bb9476c2b7655f2f7aa51322c0ba58c07695bedf755a950"},
    {file = "charset_normalizer-3.5.1-cp37-abi3-musllinux_1_2_ppc64le.whl", hash = "sha256:4c4fb141a727957c93edfe5c32a26ceb6b5f6461d67146e2d39f51e16170bea8"},
    {file = "charset_normalizer-3.5.1-cp37-abi3-musllinux_1_2_riscv64.whl", hash = "sha256:2f293479cce755c75f1697e87c409b7ae4c555c7dfecb6e988ad13abba943031"},
    {file = "charset_normalizer-3.5.1-cp37-abi3-musllinux_1_2_s390x.whl", hash = "sha256:3588e376b3ea2eea84976f67273d679f229e24c66dce7b82ae45aef04ff6e072"},
    {file = "charset_normalizer-3.5.1-cp37-abi3-musllinux_1_2_x86_64.whl", hash = "sha256:e199fb99720074809a7720f1c0b4d919eea8b87e88713e0f8f602f7bef543d9d"},
    {file = "charset_normalizer-3.5.1-cp37-abi3-win32.whl", hash = "sha256:dd732602a7009217f658d5863d12d79d373a4de0eebc111094bcdd3bb8e0a6cc"},
    {file = "charset_normalizer-3.5.1-cp37-abi3-win_amd64.whl", hash = "sha256:70055ff39b97c99e7ae40ea3e393fb62aa2e44dbd9b29f8d14f42fb0025c3959"},
    {file = "charset_normalizer-3.5.1-cp37-abi3-win_arm64.whl", hash = "sha256:87e4f41d375c0b9be2fb5251aee4b8a689169e134535aed81bf085c3b647451e"},
    {file = "charset_normalizer-3.5.1-py3-none-any.whl", hash = "sha256:6df0ec430f9a831772c23ca5a224cba36517a58a84bb32c32bb59a9fa67c47f6"},
    {file = "charset_normalizer-3.5.1.tar.gz", hash = "sha256:6117b84ea48435e5356dc737f5121485c30920ba43375fa7b434fd753df0eac3"},
]

[[package]]
name = "cloudpickle"
version = "3.1.2"
requires_python = ">=3.8"
summary = "Pickler class to extend the standard pickle.Pickler functionality"
groups = ["default"]
files = [
    {file = "cloudpickle-3.1.2-py3-none-any.whl", hash = "sha256:9acb47f6afd73f60dc1df93bb801b472f05ff42fa6c84167d25cb206be1fbf4a"},
    {file = "cloudpickle-3.1.2.tar.gz", hash = "sha256:7fda9eb655c9c230dab534f1983763de5835249750e85fbcef43aaa30a9a2414"},
]

[[package]]
name = "contourpy"
version = "1.4.0"
requires_python = ">=3.12"
summary = "Python library for calculating contours of 2D quadrilateral grids"
groups = ["default"]
dependencies = [
    "numpy>=2.0",
]
files = [
    {file = "contourpy-1.4.0-cp312-cp312-macosx_10_13_x86_64.whl", hash = "sha256:186ba929df36d61b6127da2e89cd1357e4cb79aca647381ab1a6feb0b152877b"},
    {file = "contourpy-1.4.0-cp312-cp312-macosx_11_0_arm64.whl", hash = "sha256:c76f3a5318164db7d9401132fc1b5364b784c613c93fa506e3b5e6d1bf353ec8"},
    {file = "contourpy-1.4.0-cp312-cp312-manylinux_2_26_aarch64.manylinux_2_28_aarch64.whl", hash = "sha256:43c3ccbb32c6294b183dcc8e8c46dacf5ecef809497e3d48a5be298eef185ad0"},
    {file = "contourpy-1.4.0-cp312-cp312-manylinux_2_26_ppc64le.manylinux_2_28_ppc64le.whl", hash = "sha256:86d05cec773c9507a3950122e0e40ce77c23c75ceeb2fc189514e71893cbb34b"},
    {file = "contourpy-1.4.0-cp312-cp312-manylinux_2_26_s390x.manylinux_2_28_s390x.whl", hash = "sha256:2deb580178ca19437a84bd77e4bc2cd91a8ccad212413a83c273900868b5978c"},
    {file = "contourpy-1.4.0-cp312-cp312-manylinux_2_27_x86_64.manylinux_2_28_x86_64.whl", hash = "sha256:875f42444c9cf48d56f724f2637e60d0f73b3b12c9041e1484580a233edf9591"},
    {file = "contourpy-1.4.0-cp312-cp312-musllinux_1_2_aarch64.whl", hash = "sha256:f863c6100bf926cf47d13f3cd75f9bb8ebd98aaab230eeb4468b91f98f39a6b3"},
    {file = "contourpy-1.4.0-cp312-cp312-musllinux_1_2_x86_64.whl", hash = "sha256:3863ef2e2b13fe93f8c0ebb08ee400cb07153b8b0e91c5acb26e4537f283634f"},
    {file = "contourpy-1.4.0-cp312-cp312-win32.whl", hash = "sha256:5450f091ac1be0be3ad3a2a3b3f23b5e443e78c670ced4fd347d626f92a28fd2"},
    {file = "contourpy-1.4.0-cp312-cp312-win_amd64.whl", hash = "sha256:6e697d94e69f499ff6bebb899cae97a58d5d14f0e1fe9568b43a0248d2f9af8c"},
    {file = "contourpy-1.4.0-cp312-cp312-win_arm64.whl", hash = "sha256:0c7a4c2716a4e98342221954416a836cca77c996c14ddbf22b5f01d5d93ca09c"},
    {file = "contourpy-1.4.0.tar.gz", hash = "sha256:20156f5a1ac4f8ce02656e39a61e82164a3d359796dc8026f75b062783d500e1"},
]

[[package]]
name = "cycler"
version = "0.12.1"
requires_python = ">=3.8"
summary = "Composable style cycles"
groups = ["default"]
files = [
    {file = "cycler-0.12.1-py3-none-any.whl", hash = "sha256:85cef7cff222d8644161529808465972e51340599459b8ac3ccbac5a854e0d30"},
    {file = "cycler-0.12.1.tar.gz", hash = "sha256:88bb128f02ba341da8ef447245a9e138fae777f6a23943da4540077d3601eb1c"},
]

[[package]]
name = "decorator"
version = "5.3.1"
requires_python = ">=3.8"
summary = "Decorators for Humans"
groups = ["default"]
files = [
    {file = "decorator-5.3.1-py3-none-any.whl", hash = "sha256:f47fe6fdbd2edd623ecfe36875d37aba411624e2670dd395dddae1358689bb3c"},
    {file = "decorator-5.3.1.tar.gz", hash = "sha256:4cbcdd55a6efadb9dbea26b858f4fb3264567b52d69ca0d25b721b553f60ea82"},
]

[[package]]
name = "fonttools"
version = "4.65.0"
requires_python = ">=3.10"
summary = "Tools to manipulate font files"
groups = ["default"]
files = [
    {file = "fonttools-4.65.0-cp312-cp312-macosx_10_13_universal2.whl", hash = "sha256:e844a45c9e5ced6536f184cf1a65b5d65e8f7e711993b413e10500a8223622e5"},
    {file = "fonttools-4.65.0-cp312-cp312-macosx_10_13_x86_64.whl", hash = "sha256:b30e953de049bf43fc0a63c7d0c44d205c923e4bbf24716aae1518c0e65f977c"},
    {file = "fonttools-4.65.0-cp312-cp312-manylinux2014_aarch64.manylinux_2_17_aarch64.manylinux_2_28_aarch64.whl", hash = "sha256:09c34bdeed8915bfb53bee0c8ed2254dbd8ec69c0014b7f3702f347c049bf358"},
    {file = "fonttools-4.65.0-cp312-cp312-manylinux2014_x86_64.manylinux_2_17_x86_64.whl", hash = "sha256:05595385ae99f4b9626cebb973bf171b8fe38a8f40708e6e42abba0ed7537778"},
    {file = "fonttools-4.65.0-cp312-cp312-musllinux_1_2_aarch64.whl", hash = "sha256:d95b34dd68fbfc0e4a1740c421597656117f979ed8dc85de66e08f9f9981806e"},
    {file = "fonttools-4.65.0-cp312-cp312-musllinux_1_2_x86_64.whl", hash = "sha256:924d06e6130429168318db71c40174a765ad016fc4b56ca811287e3d7373b3a6"},
    {file = "fonttools-4.65.0-cp312-cp312-win32.whl", hash = "sha256:04f73dd01005752a6e75cf4a8dc6b70dc724d1d4bc34cc89522153f4a2f07680"},
    {file = "fonttools-4.65.0-cp312-cp312-win_amd64.whl", hash = "sha256:3b5d9ba89edf778b376e669b879ae33a198bf45cf5a23c3f6514f935cf9d0d9d"},
    {file = "fonttools-4.65.0-py3-none-any.whl", hash = "sha256:3060b8c1fc2329fa20265b7c138614143ea7c1624e26c5c180c76aeb74deae6f"},
    {file = "fonttools-4.65.0.tar.gz", hash = "sha256:762ba5431358d0dbd4a01982484a1d494fb267e91f974cdcf20b80eab8560f6f"},
]

[[package]]
name = "harte-library"
version = "0.4.5"
requires_python = ">=3.7"
summary = "Library for parsing Harte chords and converting them to Music21"
groups = ["default"]
dependencies = [
    "lark",
    "music21",
    "numpy",
]
files = [
    {file = "harte_library-0.4.5-py3-none-any.whl", hash = "sha256:880f8db3ee130cdd511bb9eb6fa87eb04454556b30ca3e6bf602388ca7c60548"},
    {file = "harte_library-0.4.5.tar.gz", hash = "sha256:0ba0d5fe485e5d2cde50ac28d8c6139cf4eec44bd793862f27d5630e8a241faa"},
]

[[package]]
name = "idna"
version = "3.19"
requires_python = ">=3.9"
summary = "Internationalized Domain Names in Applications (IDNA)"
groups = ["default"]
files = [
    {file = "idna-3.19-py3-none-any.whl", hash = "sha256:815e7be7a7806d54abb586dc943addc79e8b2ee16915059658cbeff4b1b43bf4"},
    {file = "idna-3.19.tar.gz", hash = "sha256:5e0811a4383b21dc5838069f801c4fb62113b7447663d2530d2bd6e77b49bf15"},
]

[[package]]
name = "jams"
version = "0.3.5"
summary = "JAMS: A JSON Audio Metadata Standard"
groups = ["default"]
dependencies = [
    "decorator",
    "jsonschema>=4.0.1",
    "mir-eval>=0.8.2",
    "numpy>=1.20.0",
    "pandas>=1.2.0",
    "six",
    "sortedcontainers>=2.1.0",
]
files = [
    {file = "jams-0.3.5-py3-none-any.whl", hash = "sha256:b9f17ff2d95deb125e13001a50bafe338b68a9bf0c6df217f5b0f9e153041d0d"},
    {file = "jams-0.3.5.tar.gz", hash = "sha256:260b1922f0fac0b30d82f750e0b1d240905070db4e500b52efa8f3202409d0fe"},
]

[[package]]
name = "joblib"
version = "1.6.0"
requires_python = ">=3.10"
summary = "Lightweight pipelining with Python functions"
groups = ["default"]
dependencies = [
    "cloudpickle>=3.0",
]
files = [
    {file = "joblib-1.6.0-py3-none-any.whl", hash = "sha256:3dbbf9f6e4b592a2357b854608e980fe6390d131d7a82f011a377ef2ebef7aba"},
    {file = "joblib-1.6.0.tar.gz", hash = "sha256:2ccc96785b12046c08fd6d55839c12857831b54a3c1673ffadd2f04bfc4eda03"},
]

[[package]]
name = "jsonpickle"
version = "4.1.2"
requires_python = ">=3.8"
summary = "jsonpickle encodes/decodes any Python object to/from JSON"
groups = ["default"]
files = [
    {file = "jsonpickle-4.1.2-py3-none-any.whl", hash = "sha256:7ffe34426bc797684dbf1dc84185558bd864cd25b1ff5fb01b7405e392d0a937"},
    {file = "jsonpickle-4.1.2.tar.gz", hash = "sha256:8afed18aa189fd81e2e833b426bb4af485594921f0b1d36c2001fc5637a2f210"},
]

[[package]]
name = "jsonschema"
version = "4.26.0"
requires_python = ">=3.10"
summary = "An implementation of JSON Schema validation for Python"
groups = ["default"]
dependencies = [
    "attrs>=22.2.0",
    "jsonschema-specifications>=2023.03.6",
    "referencing>=0.28.4",
    "rpds-py>=0.25.0",
]
files = [
    {file = "jsonschema-4.26.0-py3-none-any.whl", hash = "sha256:d489f15263b8d200f8387e64b4c3a75f06629559fb73deb8fdfb525f2dab50ce"},
    {file = "jsonschema-4.26.0.tar.gz", hash = "sha256:0c26707e2efad8aa1bfc5b7ce170f3fccc2e4918ff85989ba9ffa9facb2be326"},
]

[[package]]
name = "jsonschema-specifications"
version = "2025.9.1"
requires_python = ">=3.9"
summary = "The JSON Schema meta-schemas and vocabularies, exposed as a Registry"
groups = ["default"]
dependencies = [
    "referencing>=0.31.0",
]
files = [
    {file = "jsonschema_specifications-2025.9.1-py3-none-any.whl", hash = "sha256:98802fee3a11ee76ecaca44429fda8a41bff98b00a0f2838151b113f210cc6fe"},
    {file = "jsonschema_specifications-2025.9.1.tar.gz", hash = "sha256:b540987f239e745613c7a9176f3edb72b832a4ac465cf02712288397832b5e8d"},
]

[[package]]
name = "kiwisolver"
version = "1.5.1"
requires_python = ">=3.10"
summary = "A fast implementation of the Cassowary constraint solver"
groups = ["default"]
files = [
    {file = "kiwisolver-1.5.1-cp312-cp312-macosx_10_13_universal2.whl", hash = "sha256:63fb7294b768f444eb4b068965f2662f28c2fd4161e23bd60fcf3ff27b74c046"},
    {file = "kiwisolver-1.5.1-cp312-cp312-macosx_10_13_x86_64.whl", hash = "sha256:0ebdef3eae5336568147c39a55be6a2036ffde53faa9ca2d978989ae7c2da12c"},
    {file = "kiwisolver-1.5.1-cp312-cp312-macosx_11_0_arm64.whl", hash = "sha256:1798e83840c3f627246104c4d8a9639c60fa068adf9ce92b61791781fa8a68c1"},
    {file = "kiwisolver-1.5.1-cp312-cp312-manylinux2014_x86_64.manylinux_2_17_x86_64.whl", hash = "sha256:34633ecf50d16187ab8e5528b7a2530f2feb4e23f300db4672538b51cfc5cd38"},
    {file = "kiwisolver-1.5.1-cp312-cp312-manylinux_2_24_aarch64.manylinux_2_28_aarch64.whl", hash = "sha256:d27c2123977cb9269c30a49ba45f03a4323017ef693e19db4ec9dbe1299a3002"},
    {file = "kiwisolver-1.5.1-cp312-cp312-manylinux_2_24_ppc64le.manylinux_2_28_ppc64le.whl", hash = "sha256:6a797a1cefc8b9c93170db580337e1fe3d011ad18b1299943231279406342048"},
    {file = "kiwisolver-1.5.1-cp312-cp312-manylinux_2_24_s390x.manylinux_2_28_s390x.whl", hash = "sha256:2551cf9917af48ee7c4b29cc82320489508cf96fd26a51f6fc124de661cd44c7"},
    {file = "kiwisolver-1.5.1-cp312-cp312-manylinux_2_39_riscv64.whl", hash = "sha256:38f6e0deb4d0a4615efe0c4efc5990b06ae450ab50a0b321c0b078b6d238c083"},
    {file = "kiwisolver-1.5.1-cp312-cp312-musllinux_1_2_aarch64.whl", hash = "sha256:bfd1de989b3330420e29de39352f5c049905c9e3ee67233a50d550e3d652c148"},
    {file = "kiwisolver-1.5.1-cp312-cp312-musllinux_1_2_ppc64le.whl", hash = "sha256:1209042a623ddfda5497e4066c7b77651dde8e1d3a9dd97599dc7e97f3b9b78c"},
    {file = "kiwisolver-1.5.1-cp312-cp312-musllinux_1_2_riscv64.whl", hash = "sha256:26e8268480be5061d509e29669d59103c067a26377a56491630ece11762e3858"},
    {file = "kiwisolver-1.5.1-cp312-cp312-musllinux_1_2_s390x.whl", hash = "sha256:d79308fa689fac89cbcfbd4dbfc80b5f95c54c5a7fd4d194be221f9d33d026e6"},
    {file = "kiwisolver-1.5.1-cp312-cp312-musllinux_1_2_x86_64.whl", hash = "sha256:b03af77d77e50edba2030fd5f7c352ff209314b09030a3cba7c14edf9a09a444"},
    {file = "kiwisolver-1.5.1-cp312-cp312-win_amd64.whl", hash = "sha256:06a6917674de9e0fe3f66f5430787f59a9f2ddb64af9b714eaec547e29ef5c19"},
    {file = "kiwisolver-1.5.1-cp312-cp312-win_arm64.whl", hash = "sha256:ad8b9671348d7c8716715652ae11f85ed0eb99e265a2df2ca490577d69860b2c"},
    {file = "kiwisolver-1.5.1.tar.gz", hash = "sha256:f1303ef2eec81262a4b708c3e858afe58d7c75ad91c1c05266eda7673369859a"},
]

[[package]]
name = "lark"
version = "1.3.1"
requires_python = ">=3.8"
summary = "a modern parsing library"
groups = ["default"]
files = [
    {file = "lark-1.3.1-py3-none-any.whl", hash = "sha256:c629b661023a014c37da873b4ff58a817398d12635d3bbb2c5a03be7fe5d1e12"},
    {file = "lark-1.3.1.tar.gz", hash = "sha256:b426a7a6d6d53189d318f2b6236ab5d6429eaf09259f1ca33eb716eed10d2905"},
]

[[package]]
name = "leadsheetanalyser"
version = "0.3.0"
requires_python = ">=3.10"
path = "../leadsheetanalyser"
summary = "A package for music analysis, chord processing, and harmonic analysis via modal systems and optimal transport"
groups = ["default"]
dependencies = [
    "POT>=0.9.7",
    "harte-library>=0.2.0",
    "jams>=0.3.4",
    "matplotlib>=3.3.0",
    "music21>=6.0.0",
    "numpy>=1.20.0",
    "pandas>=1.3.0",
    "scipy>=1.7.0",
    "seaborn>=0.11.0",
]

[[package]]
name = "matplotlib"
version = "3.11.2"
requires_python = ">=3.11"
summary = "Python plotting package"
groups = ["default"]
dependencies = [
    "contourpy>=1.0.1",
    "cycler>=0.10",
    "fonttools>=4.28.2",
    "kiwisolver>=1.3.1",
    "numpy>=1.25",
    "packaging>=20.0",
    "pillow>=9",
    "pyparsing>=3",
    "python-dateutil>=2.7",
]
files = [
    {file = "matplotlib-3.11.2-cp312-cp312-macosx_10_13_x86_64.whl", hash = "sha256:ef752769cd962f39ea0b6ffc82d1ea43a0012c5a6157c7a075212fa509cfcff2"},
    {file = "matplotlib-3.11.2-cp312-cp312-macosx_11_0_arm64.whl", hash = "sha256:ef31985c4dedb5f1424e1aec6849a47dd37689cb7fa3c20b1b82187f26806261"},
    {file = "matplotlib-3.11.2-cp312-cp312-manylinux2014_x86_64.manylinux_2_17_x86_64.whl", hash = "sha256:df4f7784aca81a94f254c0a2767d592ee25f407e488f5fa7203e51093fb6ca27"},
    {file = "matplotlib-3.11.2-cp312-cp312-manylinux_2_26_aarch64.manylinux_2_28_aarch64.whl", hash = "sha256:1b9a7ad579856284135e401ecc918c5f8a017ee30539298862a109f51b971710"},
    {file = "matplotlib-3.11.2-cp312-cp312-musllinux_1_2_x86_64.whl", hash = "sha256:3aa4b8516fd26659e4363abbf317c703d9116496c5db2e9d0609a2866dd39dd2"},
    {file = "matplotlib-3.11.2-cp312-cp312-win_amd64.whl", hash = "sha256:c5c1c68ee401fc98271263410f0e5ce88285abacf7627132914e8adf3d70ff43"},
    {file = "matplotlib-3.11.2-cp312-cp312-win_arm64.whl", hash = "sha256:643ff850d8e0f5b8319337f87ed3cb59506afb3df3cc48de777d85871233be7b"},
    {file = "matplotlib-3.11.2.tar.gz", hash = "sha256:cec596316640f2b394b8f0daa0ea61a8eae82d017b620b9f202befb972a59ea4"},
]

[[package]]
name = "mir-eval"
version = "0.8.2"
summary = "Common metrics for common audio/music processing tasks."
groups = ["default"]
dependencies = [
    "decorator",
    "numpy>=1.15.4",
    "scipy>=1.4.0",
]
files = [
    {file = "mir_eval-0.8.2-py3-none-any.whl", hash = "sha256:114cda33d8e17408c170598e0b36ed0d71ff4a2fee8eaf9e165b58ecf1c87170"},
    {file = "mir_eval-0.8.2.tar.gz", hash = "sha256:141a3e1193276889fc32e911547e73dcb3e829ee8cfea60f7bbcd633c0792569"},
]

[[package]]
name = "more-itertools"
version = "11.1.0"
requires_python = ">=3.10"
summary = "More routines for operating on iterables, beyond itertools"
groups = ["default"]
files = [
    {file = "more_itertools-11.1.0-py3-none-any.whl", hash = "sha256:4b65538ae22f6fed0ce4874efd317463a7489796a0939fa66824dd542125a192"},
    {file = "more_itertools-11.1.0.tar.gz", hash = "sha256:48e8f4d9e7e5878571ecf6f2b4e57634f93cd474cc8cfbd2376f2d11b396e30d"},
]

[[package]]
name = "music21"
version = "10.5.0"
requires_python = ">=3.11"
summary = "A Toolkit for Computer-Aided Musical Analysis and Computational Musicology."
groups = ["default"]
dependencies = [
    "chardet",
    "joblib",
    "jsonpickle",
    "matplotlib",
    "more-itertools",
    "numpy>=1.26.4",
    "requests",
    "webcolors>=1.5",
]
files = [
    {file = "music21-10.5.0-py3-none-any.whl", hash = "sha256:9924eff5fbf58490e67cbf3b78a58ba53040e77c281930d354af32a747e94606"},
    {file = "music21-10.5.0.tar.gz", hash = "sha256:f72676fb953cb592bfb4e3bb246b0a234446f89088aa8a55ec9b5fcef2ce3db2"},
]

[[package]]
name = "numpy"
version = "2.5.3"
requires_python = ">=3.12"
summary = "Fundamental package for array computing in Python"
groups = ["default"]
files = [
    {file = "numpy-2.5.3-cp312-cp312-macosx_10_13_x86_64.whl", hash = "sha256:cb189f09db39283b26bfd061ec16189e14f71c6755207f72a0f7540867afe5b9"},
    {file = "numpy-2.5.3-cp312-cp312-macosx_11_0_arm64.whl", hash = "sha256:f59a878c33d6b88122d80d239bb3b845d58708750b0cb06a09aebb9b18ec696c"},
    {file = "numpy-2.5.3-cp312-cp312-macosx_14_0_arm64.whl", hash = "sha256:a72f874bc9e10e4b8f80426fb49716d5141f64442a0c8418065093ec8017fbb0"},
    {file = "numpy-2.5.3-cp312-cp312-macosx_14_0_x86_64.whl", hash = "sha256:fc36dc566135b5eceec4cf89758fcb719266a019ef07dae1754ae7c9f617ef3e"},
    {file = "numpy-2.5.3-cp312-cp312-manylinux_2_27_aarch64.manylinux_2_28_aarch64.whl", hash = "sha256:76c2c1e6bfa5c84adc6434dfbf013aa92096a7985221762c8f11fedfd20fff58"},
    {file = "numpy-2.5.3-cp312-cp312-manylinux_2_27_x86_64.manylinux_2_28_x86_64.whl", hash = "sha256:b7e18c623bb5c95acb3b3328861272816ba199fb531921c5d6d0b675f1fde9e3"},
    {file = "numpy-2.5.3-cp312-cp312-musllinux_1_2_aarch64.whl", hash = "sha256:4f8929ee6c96bfbd7b4ed2032e0c03af86fe1826740ab61ddabf9072d06e57ff"},
    {file = "numpy-2.5.3-cp312-cp312-musllinux_1_2_x86_64.whl", hash = "sha256:b5d93cf48f687479941d12b69c873ad2cc76bbd487f0091c2200636497f34034"},
    {file = "numpy-2.5.3-cp312-cp312-win32.whl", hash = "sha256:bf63afbe037eb5d2fe87fbcc7778e61da53ebaf21d938a4515aa73b62532a5d4"},
    {file = "numpy-2.5.3-cp312-cp312-win_amd64.whl", hash = "sha256:0a59a421a32580a009e8a1751345bf829631b990dc1794b80514ab722b435def"},
    {file = "numpy-2.5.3-cp312-cp312-win_arm64.whl", hash = "sha256:ccb32e0525d29e8b0572eb84c9a57af0e7a4e615726927506f55063c62414034"},
    {file = "numpy-2.5.3.tar.gz", hash = "sha256:df2d5874ff183595a4ba404edd04f6bd9b5505c1d7708573f6a6c17489a67563"},
]

[[package]]
name = "packaging"
version = "26.3"
requires_python = ">=3.9"
summary = "Core utilities for Python packages"
groups = ["default"]
files = [
    {file = "packaging-26.3-py3-none-any.whl", hash = "sha256:d7193f7c8e4e93f444fde0262bf90af30e16fa0ad0ad44cb553c87339b23cd1c"},
    {file = "packaging-26.3.tar.gz", hash = "sha256:94edc256424af38762eb31306eed28beb9f0efc50a8837492c9d6fd6004aed79"},
]

[[package]]
name = "pandas"
version = "3.0.5"
requires_python = ">=3.11"
summary = "Powerful data structures for data analysis, time series, and statistics"
groups = ["default"]
dependencies = [
    "numpy>=1.26.0; python_version < \"3.14\"",
    "numpy>=2.3.3; python_version >= \"3.14\"",
    "python-dateutil>=2.8.2",
    "tzdata; sys_platform == \"emscripten\"",
    "tzdata; sys_platform == \"win32\"",
]
files = [
    {file = "pandas-3.0.5-cp312-cp312-macosx_10_13_x86_64.whl", hash = "sha256:fa290c16964d4963fbfbc358928239cf3bd755b20e988ce944877def2f44471d"},
    {file = "pandas-3.0.5-cp312-cp312-macosx_11_0_arm64.whl", hash = "sha256:c2e26bb46934b8a2ca0c3de1d3d606fc5f6746584791b2db264d58cf370e08dc"},
    {file = "pandas-3.0.5-cp312-cp312-manylinux_2_24_aarch64.manylinux_2_28_aarch64.whl", hash = "sha256:73fa87b08a7ef706f8aafda39ddaccf2a99047bea62d8c88a0361bcafb2237bc"},
    {file = "pandas-3.0.5-cp312-cp312-manylinux_2_24_x86_64.manylinux_2_28_x86_64.whl", hash = "sha256:d373ce03ffd84010ed9839fa73672a9c8256990532e158440c0085db7d914b34"},
    {file = "pandas-3.0.5-cp312-cp312-musllinux_1_2_aarch64.whl", hash = "sha256:2a29c53d85ea98c5e792c59ef82ee9fbe6ca902c0d0adb6b23f45ef894cd7bf6"},
    {file = "pandas-3.0.5-cp312-cp312-musllinux_1_2_x86_64.whl", hash = "sha256:a5ad3b02ed6bc7d7ae9b70804b2c6aa31827489d150f8e623ce82491b82085d7"},
    {file = "pandas-3.0.5-cp312-cp312-pyemscripten_2024_0_wasm32.whl", hash = "sha256:b2acb4650527eec6822c3dadb2b771277b65e7dae7a267d4bccf65fd1bb3fbce"},
    {file = "pandas-3.0.5-cp312-cp312-win_amd64.whl", hash = "sha256:80a611068e8a3ac23f7398c6c14eb46dc974e5cc9997f653e2dcfd1da74edd41"},
    {file = "pandas-3.0.5-cp312-cp312-win_arm64.whl", hash = "sha256:25ff585b972a18ef1fe9ffa3ac6544d9950508aa76832e5147640b6022821e49"},
    {file = "pandas-3.0.5.tar.gz", hash = "sha256:dca3734d6ab7c906e6730f0788b0a1dbb9f2467731f9711f77995c8e9d62d712"},
]

[[package]]
name = "pillow"
version = "12.3.0"
requires_python = ">=3.10"
summary = "Python Imaging Library (fork)"
groups = ["default"]
files = [
    {file = "pillow-12.3.0-cp312-cp312-macosx_10_13_x86_64.whl", hash = "sha256:ba09209fbe443b4acccebe845d8a138b89a8f4fbaeedd44953490b5315d5e965"},
    {file = "pillow-12.3.0-cp312-cp312-macosx_11_0_arm64.whl", hash = "sha256:ffd0c5368496f41b0944be820fcb7a838aa6e623d250b01acf2643939c3f99d7"},
    {file = "pillow-12.3.0-cp312-cp312-manylinux_2_27_aarch64.manylinux_2_28_aarch64.whl", hash = "sha256:d9c7f76c0673154f044e9d78c8655fb4213f6ca31a836df48b40fe5d187717b9"},
    {file = "pillow-12.3.0-cp312-cp312-manylinux_2_27_x86_64.manylinux_2_28_x86_64.whl", hash = "sha256:78cb2c6865a35ab8ff8b75fd122f6033b92a62c82801110e48ddd6c936a45d91"},
    {file = "pillow-12.3.0-cp312-cp312-musllinux_1_2_aarch64.whl", hash = "sha256:e491916b378fba47242221bb9ead245211b70d504f495d105d17b14a24b4907c"},
    {file = "pillow-12.3.0-cp312-cp312-musllinux_1_2_x86_64.whl", hash = "sha256:0dd2064cbc55aaec028ef5fbb60fa47bb6c3e7918e07ff17935284b227a9d2df"},
    {file = "pillow-12.3.0-cp312-cp312-win32.whl", hash = "sha256:dbce0b29841537a2fa4a214c2bbf14de3587c9680caa9b4e217568472490b28f"},
    {file = "pillow-12.3.0-cp312-cp312-win_amd64.whl", hash = "sha256:a2b55dd6b2a4c4b7d87ffa56bdb33fdc5fdb9a462173861a7bc097f17d91cb09"},
    {file = "pillow-12.3.0-cp312-cp312-win_arm64.whl", hash = "sha256:331b624368d4f1d069149002f25f44bc61c8919ce8ddb3c45bdad8f6e2d89510"},
    {file = "pillow-12.3.0.tar.gz", hash = "sha256:3b8182a766685eaa002637e28b4ec8d6b18819a0c71f579bf0dbaa5830297cce"},
]

[[package]]
name = "pot"
version = "0.9.7.post1"
requires_python = ">=3.7"
summary = "Python Optimal Transport Library"
groups = ["default"]
dependencies = [
    "numpy>=1.16",
    "scipy>=1.6",
]
files = [
    {file = "pot-0.9.7.post1-cp312-cp312-macosx_10_13_universal2.whl", hash = "sha256:b549328f8f0049afd414e3aa544f20faca25edc8b386b278f06ea08dbcd96bf0"},
    {file = "pot-0.9.7.post1-cp312-cp312-macosx_10_13_x86_64.whl", hash = "sha256:00631ab4254a9c95ea36077219b3a1c74e05f3138ab20bdd862a4aa3e0e66dad"},
    {file = "pot-0.9.7.post1-cp312-cp312-macosx_11_0_arm64.whl", hash = "sha256:a99d8fc539c9beb2da9e4026b6d832db98691d6b2c3359ddfadfdbc07d581bbb"},
    {file = "pot-0.9.7.post1-cp312-cp312-manylinux_2_27_aarch64.manylinux_2_28_aarch64.whl", hash = "sha256:052eafe9702d513053252928f546372bbd2ad832b6ed88f0c3e9ecf531d4b220"},
    {file = "pot-0.9.7.post1-cp312-cp312-manylinux_2_27_x86_64.manylinux_2_28_x86_64.whl", hash = "sha256:4331e7f22a85b628f5cd4078e5ddeee51471a3aaeebfe5dbbe8a0392140a275d"},
    {file = "pot-0.9.7.post1-cp312-cp312-win_amd64.whl", hash = "sha256:a2e8b622f03ba61768dbe2e312a6acf6ec88f05515f8d0472aee7b7b99130165"},
    {file = "pot-0.9.7.post1.tar.gz", hash = "sha256:2edd70845047ac2d378487b980a2bffb5ff58e9b92b7133896ff5753f6300cec"},
]

[[package]]
name = "pyparsing"
version = "3.3.2"
requires_python = ">=3.9"
summary = "pyparsing - Classes and methods to define and execute parsing grammars"
groups = ["default"]
files = [
    {file = "pyparsing-3.3.2-py3-none-any.whl", hash = "sha256:850ba148bd908d7e2411587e247a1e4f0327839c40e2e5e6d05a007ecc69911d"},
    {file = "pyparsing-3.3.2.tar.gz", hash = "sha256:c777f4d763f140633dcb6d8a3eda953bf7a214dc4eff598413c070bcdc117cbc"},
]

[[package]]
name = "python-dateutil"
version = "2.9.0.post0"
requires_python = "!=3.0.*,!=3.1.*,!=3.2.*,>=2.7"
summary = "Extensions to the standard Python datetime module"
groups = ["default"]
dependencies = [
    "six>=1.5",
]
files = [
    {file = "python-dateutil-2.9.0.post0.tar.gz", hash = "sha256:37dd54208da7e1cd875388217d5e00ebd4179249f90fb72437e91a35459a0ad3"},
    {file = "python_dateutil-2.9.0.post0-py2.py3-none-any.whl", hash = "sha256:a8b2bc7bffae282281c8140a97d3aa9c14da0b136dfe83f850eea9a5f7470427"},
]

[[package]]
name = "referencing"
version = "0.37.0"
requires_python = ">=3.10"
summary = "JSON Referencing + Python"
groups = ["default"]
dependencies = [
    "attrs>=22.2.0",
    "rpds-py>=0.7.0",
    "typing-extensions>=4.4.0; python_version < \"3.13\"",
]
files = [
    {file = "referencing-0.37.0-py3-none-any.whl", hash = "sha256:381329a9f99628c9069361716891d34ad94af76e461dcb0335825aecc7692231"},
    {file = "referencing-0.37.0.tar.gz", hash = "sha256:44aefc3142c5b842538163acb373e24cce6632bd54bdb01b21ad5863489f50d8"},
]

[[package]]
name = "requests"
version = "2.34.2"
requires_python = ">=3.10"
summary = "Python HTTP for Humans."
groups = ["default"]
dependencies = [
    "certifi>=2023.5.7",
    "charset-normalizer<4,>=2",
    "idna<4,>=2.5",
    "urllib3<3,>=1.26",
]
files = [
    {file = "requests-2.34.2-py3-none-any.whl", hash = "sha256:2a0d60c172f83ac6ab31e4554906c0f3b3588d37b5cb939b1c061f4907e278e0"},
    {file = "requests-2.34.2.tar.gz", hash = "sha256:f288924cae4e29463698d6d60bc6a4da69c89185ad1e0bcc4104f584e960b9ed"},
]

[[package]]
name = "rpds-py"
version = "2026.6.3"
requires_python = ">=3.11"
summary = "Python bindings to Rust's persistent data structures (rpds)"
groups = ["default"]
files = [
    {file = "rpds_py-2026.6.3-cp312-cp312-macosx_10_12_x86_64.whl", hash = "sha256:a0811d33247c3d6128a3001d763f2aa056bb3425204335400ac54f89eec3a0d0"},
    {file = "rpds_py-2026.6.3-cp312-cp312-macosx_11_0_arm64.whl", hash = "sha256:538949e262e46caa31ac01bdb3c1e8f642622922cacbabbae6a8445d9dc33eaf"},
    {file = "rpds_py-2026.6.3-cp312-cp312-manylinux_2_17_aarch64.manylinux2014_aarch64.whl", hash = "sha256:55927d532399c2c646100ff7feb48eaa940ad70f42cd68e1328f3ded9f81ca24"},
    {file = "rpds_py-2026.6.3-cp312-cp312-manylinux_2_17_armv7l.manylinux2014_armv7l.whl", hash = "sha256:f56f1695bc5c0871cbc33dc0130fcf503aab0c57dcc5a6700a4f49eba4f2652e"},
    {file = "rpds_py-2026.6.3-cp312-cp312-manylinux_2_17_ppc64le.manylinux2014_ppc64le.whl", hash = "sha256:270b293dae9058fc9fcedab50f13cebf46fb8ed1d1d54e0521a9da5d6b211975"},
    {file = "rpds_py-2026.6.3-cp312-cp312-manylinux_2_17_s390x.manylinux2014_s390x.whl", hash = "sha256:127565fead0a10943b282957bd5447804ff3160ad79f2ad2635e6d249e380680"},
    {file = "rpds_py-2026.6.3-cp312-cp312-manylinux_2_17_x86_64.manylinux2014_x86_64.whl", hash = "sha256:ecabd69db66de867690f9797f2f8fa27ba501bbc24540cbdbdc649cd15888ba6"},
    {file = "rpds_py-2026.6.3-cp312-cp312-manylinux_2_31_riscv64.whl", hash = "sha256:58eadac9cd119677b60e1cf8ac4052f35949d71b8a9e5556efccbe82533cf22a"},
    {file = "rpds_py-2026.6.3-cp312-cp312-manylinux_2_5_i686.manylinux1_i686.whl", hash = "sha256:7491ee23305ac3eb59e492b6945881f5cd77a6f731061a3f25b77fd40f9e99a4"},
    {file = "rpds_py-2026.6.3-cp312-cp312-musllinux_1_2_aarch64.whl", hash = "sha256:2c99f7e8ccb3dd6e3e4bfeac657a7b208c9bac8075f4b078c02d7404c34107fa"},
    {file = "rpds_py-2026.6.3-cp312-cp312-musllinux_1_2_i686.whl", hash = "sha256:62698275682bf121181861295c9181e789030a2d516071f5b8f3c23c170cd0fc"},
    {file = "rpds_py-2026.6.3-cp312-cp312-musllinux_1_2_x86_64.whl", hash = "sha256:a214c993455f99a89aaeadc9b21241900037adc9d97203e374d75513c5911822"},
    {file = "rpds_py-2026.6.3-cp312-cp312-win32.whl", hash = "sha256:501f9f04a588d6a09179368c57071301445191767c64e4b52a6aa9871f1ef5ed"},
    {file = "rpds_py-2026.6.3-cp312-cp312-win_amd64.whl", hash = "sha256:2c958bf94822e9290a40aaf2a822d4bc5c88099093e3948ad6c571eca9272e5f"},
    {file = "rpds_py-2026.6.3-cp312-cp312-win_arm64.whl", hash = "sha256:22bffe6042b9bcb0822bcd1955ec00e245daf17b4344e4ed8e9551b976b63e96"},
    {file = "rpds_py-2026.6.3.tar.gz", hash = "sha256:1cebd1337c242e4ec2293e541f712b2da849b29f48f0c293684b71c0632625d4"},
]

[[package]]
name = "scipy"
version = "1.18.1"
requires_python = ">=3.12"
summary = "Fundamental algorithms for scientific computing in Python"
groups = ["default"]
dependencies = [
    "numpy<2.8,>=2.0.0",
]
files = [
    {file = "scipy-1.18.1-cp312-cp312-macosx_10_15_x86_64.whl", hash = "sha256:457fd7a2a8edeb044ab6ffbc0aa03ff6cd18491356e5e0c834d76ce621b916d1"},
    {file = "scipy-1.18.1-cp312-cp312-macosx_12_0_arm64.whl", hash = "sha256:e708533e8b2ae2497d65346538a7dcc92814410b25b81432eac66de0f2af8265"},
    {file = "scipy-1.18.1-cp312-cp312-macosx_14_0_arm64.whl", hash = "sha256:7bbf207c4453ce1ad2e00b17313852b33310b83090c2311bdaf97f93c0380d12"},
    {file = "scipy-1.18.1-cp312-cp312-macosx_14_0_x86_64.whl", hash = "sha256:78c0665edead396b1abb4897c41a5c1d9bf090c8a637a4c20a61678e0a264e66"},
    {file = "scipy-1.18.1-cp312-cp312-manylinux_2_27_aarch64.manylinux_2_28_aarch64.whl", hash = "sha256:3c085faa2cfa879c5141df483f836f4d691045a078224a670fa570fa01612d89"},
    {file = "scipy-1.18.1-cp312-cp312-manylinux_2_27_x86_64.manylinux_2_28_x86_64.whl", hash = "sha256:f55fa87b6c612ecd6b058f167c53231b1d14e412efe361d3d6e38b3631c73218"},
    {file = "scipy-1.18.1-cp312-cp312-musllinux_1_2_aarch64.whl", hash = "sha256:c35d74ce0e193ff740c2f2be2ac913ddc232fe6c1ff40b26cfecb9c670c63314"},
    {file = "scipy-1.18.1-cp312-cp312-musllinux_1_2_x86_64.whl", hash = "sha256:d2924a03db38dc2e848bca2fe9f077dafb891480b91a00a0963a8cf86dfc31c1"},
    {file = "scipy-1.18.1-cp312-cp312-win_amd64.whl", hash = "sha256:5e4d44984abc0020154ea81b247adeddcc3ac5527b975ff798bd1ba0adc513c2"},
    {file = "scipy-1.18.1-cp312-cp312-win_arm64.whl", hash = "sha256:d65d448389b8436493abcf629cc94ad0cf32aecaf06e1acca1de53cc795f2f12"},
    {file = "scipy-1.18.1.tar.gz", hash = "sha256:52c4b7422442aba924d03ad4019852b08a92e64ea187b933135687bfe2747307"},
]

[[package]]
name = "seaborn"
version = "0.13.2"
requires_python = ">=3.8"
summary = "Statistical data visualization"
groups = ["default"]
dependencies = [
    "matplotlib!=3.6.1,>=3.4",
    "numpy!=1.24.0,>=1.20",
    "pandas>=1.2",
]
files = [
    {file = "seaborn-0.13.2-py3-none-any.whl", hash = "sha256:636f8336facf092165e27924f223d3c62ca560b1f2bb5dff7ab7fad265361987"},
    {file = "seaborn-0.13.2.tar.gz", hash = "sha256:93e60a40988f4d65e9f4885df477e2fdaff6b73a9ded434c1ab356dd57eefff7"},
]

[[package]]
name = "six"
version = "1.17.0"
requires_python = "!=3.0.*,!=3.1.*,!=3.2.*,>=2.7"
summary = "Python 2 and 3 compatibility utilities"
groups = ["default"]
files = [
    {file = "six-1.17.0-py2.py3-none-any.whl", hash = "sha256:4721f391ed90541fddacab5acf947aa0d3dc7d27b2e1e8eda2be8970586c3274"},
    {file = "six-1.17.0.tar.gz", hash = "sha256:ff70335d468e7eb6ec65b95b99d3a2836546063f63acc5171de367e834932a81"},
]

[[package]]
name = "sortedcontainers"
version = "2.4.0"
summary = "Sorted Containers -- Sorted List, Sorted Dict, Sorted Set"
groups = ["default"]
files = [
    {file = "sortedcontainers-2.4.0-py2.py3-none-any.whl", hash = "sha256:a163dcaede0f1c021485e957a39245190e74249897e2ae4b2aa38595db237ee0"},
    {file = "sortedcontainers-2.4.0.tar.gz", hash = "sha256:25caa5a06cc30b6b83d11423433f65d1f9d76c4c6a0c90e3379eaa43b9bfdb88"},
]

[[package]]
name = "typing-extensions"
version = "4.16.0"
requires_python = ">=3.9"
summary = "Backported and Experimental Type Hints for Python 3.9+"
groups = ["default"]
marker = "python_version < \"3.13\""
files = [
    {file = "typing_extensions-4.16.0-py3-none-any.whl", hash = "sha256:481caa481374e813c1b176ada14e97f1f67a4539ce9cfeb3f350d78d6370c2e8"},
    {file = "typing_extensions-4.16.0.tar.gz", hash = "sha256:dc983d19a509c94dba722ee6abd33940f7c05a89e243c47e907eb4db6f1a43e5"},
]

[[package]]
name = "tzdata"
version = "2026.4"
requires_python = ">=2"
summary = "Provider of IANA time zone data"
groups = ["default"]
marker = "sys_platform == \"win32\" or sys_platform == \"emscripten\""
files = [
    {file = "tzdata-2026.4-py2.py3-none-any.whl", hash = "sha256:c2169a8b0a7a5e9674da5a135ccdfb2b3e671b333ed9fed17b41f73c34476e81"},
    {file = "tzdata-2026.4.tar.gz", hash = "sha256:f1b8bd365d8d210c55353f4d7f8d6d8561c0ba50d704b700d195a9424bba0d79"},
]

[[package]]
name = "urllib3"
version = "2.8.0"
requires_python = ">=3.10"
summary = "HTTP library with thread-safe connection pooling, file post, and more."
groups = ["default"]
files = [
    {file = "urllib3-2.8.0-py3-none-any.whl", hash = "sha256:0cf3cae568d36aa9576b28dfb35f11328f1cb974ca7647d9475ebb86c75ac6e3"},
    {file = "urllib3-2.8.0.tar.gz", hash = "sha256:63bf2ead4c879426ebf22ef2a781eeb4aa3b4ae798a0435506f8687fd5bb9b63"},
]

[[package]]
name = "webcolors"
version = "25.10.0"
requires_python = ">=3.10"
summary = "A library for working with the color formats defined by HTML and CSS."
groups = ["default"]
files = [
    {file = "webcolors-25.10.0-py3-none-any.whl", hash = "sha256:032c727334856fc0b968f63daa252a1ac93d33db2f5267756623c210e57a4f1d"},
    {file = "webcolors-25.10.0.tar.gz", hash = "sha256:62abae86504f66d0f6364c2a8520de4a0c47b80c03fc3a5f1815fedbef7c19bf"},
]
